
Microsoft Visual Studio Solution File, Format Version 12.00
# Visual Studio Version 17
VisualStudioVersion = 17.14.36202.13 d17.14
MinimumVisualStudioVersion = 10.0.40219.1
Project("{FAE04EC0-301F-11D3-BF4B-00C04F79EFBC}") = "AnimalSounds", "AnimalSounds\AnimalSounds.csproj", "{0630348D-0B94-4615-A2E3-30E76746C6ED}"
EndProject
Global
	GlobalSection(SolutionConfigurationPlatforms) = preSolution
		Debug|Any CPU = Debug|Any CPU
		Release|Any CPU = Release|Any CPU
	EndGlobalSection
	GlobalSection(ProjectConfigurationPlatforms) = postSolution
		{0630348D-0B94-4615-A2E3-30E76746C6ED}.Debug|Any CPU.ActiveCfg = Debug|Any CPU
		{0630348D-0B94-4615-A2E3-30E76746C6ED}.Debug|Any CPU.Build.0 = Debug|Any CPU
		{0630348D-0B94-4615-A2E3-30E76746C6ED}.Release|Any CPU.ActiveCfg = Release|Any CPU
		{0630348D-0B94-4615-A2E3-30E76746C6ED}.Release|Any CPU.Build.0 = Release|Any CPU
	EndGlobalSection
	GlobalSection(SolutionProperties) = preSolution
		HideSolutionNode = FALSE
	EndGlobalSection
	GlobalSection(ExtensibilityGlobals) = postSolution
		SolutionGuid = {39C18681-F06A-4E71-A926-11D79C677929}
	EndGlobalSection
EndGlobal
